
Microsoft Visual Studio Solution File, Format Version 12.00
# Visual Studio Version 17
VisualStudioVersion = 17.0.31903.59
MinimumVisualStudioVersion = 10.0.40219.1
Project("{9A19103F-16F7-4668-BE54-9A1E7A4F7556}") = "Laboratorio 13", "Laboratorio 13\Laboratorio 13.csproj", "{772D45B3-680A-4A0F-BA04-5802434DFE1F}"
EndProject
Project("{2150E333-8FDC-42A3-9474-1A3956D46DE8}") = "Solution Items", "Solution Items", "{C1AB649A-D896-4D6B-8349-AFCCD6971792}"
	ProjectSection(SolutionItems) = preProject
		.gitignore = .gitignore
	EndProjectSection
EndProject
Global
	GlobalSection(SolutionConfigurationPlatforms) = preSolution
		Debug|Any CPU = Debug|Any CPU
		Release|Any CPU = Release|Any CPU
	EndGlobalSection
	GlobalSection(ProjectConfigurationPlatforms) = postSolution
		{772D45B3-680A-4A0F-BA04-5802434DFE1F}.Debug|Any CPU.ActiveCfg = Debug|Any CPU
		{772D45B3-680A-4A0F-BA04-5802434DFE1F}.Debug|Any CPU.Build.0 = Debug|Any CPU
		{772D45B3-680A-4A0F-BA04-5802434DFE1F}.Release|Any CPU.ActiveCfg = Release|Any CPU
		{772D45B3-680A-4A0F-BA04-5802434DFE1F}.Release|Any CPU.Build.0 = Release|Any CPU
	EndGlobalSection
	GlobalSection(SolutionProperties) = preSolution
		HideSolutionNode = FALSE
	EndGlobalSection
	GlobalSection(ExtensibilityGlobals) = postSolution
		SolutionGuid = {6FB8C3D6-E70E-4279-9708-D232AE647517}
	EndGlobalSection
EndGlobal
