
Microsoft Visual Studio Solution File, Format Version 12.00
# Visual Studio Version 17
VisualStudioVersion = 17.11.35327.3
MinimumVisualStudioVersion = 10.0.40219.1
Project("{FAE04EC0-301F-11D3-BF4B-00C04F79EFBC}") = "Laboratorio11", "Laboratorio11\Laboratorio11.csproj", "{D485DA9C-DC20-465D-8754-CE32A8A487DC}"
EndProject
Global
	GlobalSection(SolutionConfigurationPlatforms) = preSolution
		Debug|Any CPU = Debug|Any CPU
		Release|Any CPU = Release|Any CPU
	EndGlobalSection
	GlobalSection(ProjectConfigurationPlatforms) = postSolution
		{D485DA9C-DC20-465D-8754-CE32A8A487DC}.Debug|Any CPU.ActiveCfg = Debug|Any CPU
		{D485DA9C-DC20-465D-8754-CE32A8A487DC}.Debug|Any CPU.Build.0 = Debug|Any CPU
		{D485DA9C-DC20-465D-8754-CE32A8A487DC}.Release|Any CPU.ActiveCfg = Release|Any CPU
		{D485DA9C-DC20-465D-8754-CE32A8A487DC}.Release|Any CPU.Build.0 = Release|Any CPU
	EndGlobalSection
	GlobalSection(SolutionProperties) = preSolution
		HideSolutionNode = FALSE
	EndGlobalSection
	GlobalSection(ExtensibilityGlobals) = postSolution
		SolutionGuid = {D0BC08D2-8AC6-4528-9493-4270101BE9CE}
	EndGlobalSection
EndGlobal
