
Microsoft Visual Studio Solution File, Format Version 12.00
# Visual Studio Version 17
VisualStudioVersion = 17.11.35327.3
MinimumVisualStudioVersion = 10.0.40219.1
Project("{9A19103F-16F7-4668-BE54-9A1E7A4F7556}") = "Laboratorio 4", "Laboratorio 4\Laboratorio 4.csproj", "{50EB6D23-5390-4887-99E4-BB372D0FDDE8}"
EndProject
Project("{9A19103F-16F7-4668-BE54-9A1E7A4F7556}") = "Lab 4-1", "Lab 4-1\Lab 4-1.csproj", "{BECC8231-E90F-4922-B48E-32AA26D0F646}"
EndProject
Project("{9A19103F-16F7-4668-BE54-9A1E7A4F7556}") = "Lab 4-2", "Lab 4-2\Lab 4-2.csproj", "{5A57136A-C5DD-4B9F-A107-E5E531144F60}"
EndProject
Project("{9A19103F-16F7-4668-BE54-9A1E7A4F7556}") = "Lab 4-3", "Lab 4-3\Lab 4-3.csproj", "{49B8A317-0D6E-4E97-A517-9D373782EBC7}"
EndProject
Project("{9A19103F-16F7-4668-BE54-9A1E7A4F7556}") = "Lab 4-4", "Lab 4-4\Lab 4-4.csproj", "{C85C7E09-293E-42E5-A301-6EEB0BF624D0}"
EndProject
Project("{FAE04EC0-301F-11D3-BF4B-00C04F79EFBC}") = "Lab 4-5", "Lab 4-5\Lab 4-5.csproj", "{1130F4AB-1884-4943-B0EE-5F8033F1D10A}"
EndProject
Project("{2150E333-8FDC-42A3-9474-1A3956D46DE8}") = "Lab4-1", "Lab4-1", "{08572643-D53A-49CE-8535-1F4B3AEABE79}"
EndProject
Project("{2150E333-8FDC-42A3-9474-1A3956D46DE8}") = "Lab4-2", "Lab4-2", "{A1B2B184-2C9B-4242-BDB0-64F7880A76BE}"
EndProject
Project("{2150E333-8FDC-42A3-9474-1A3956D46DE8}") = "Lab4-3", "Lab4-3", "{C5355568-F39D-45BA-9447-8DB335347511}"
EndProject
Project("{2150E333-8FDC-42A3-9474-1A3956D46DE8}") = "Lab4-4", "Lab4-4", "{F5D0A134-B576-4621-9F8D-C21B56085C85}"
EndProject
Project("{2150E333-8FDC-42A3-9474-1A3956D46DE8}") = "Lab4-5", "Lab4-5", "{34E9F7DA-9BDB-4A5C-AB3D-DCD158B39B49}"
EndProject
Project("{2150E333-8FDC-42A3-9474-1A3956D46DE8}") = "Lab4-6", "Lab4-6", "{8C96DCD0-79D7-4F9A-ABDC-DCEE0D5036D0}"
EndProject
Project("{2150E333-8FDC-42A3-9474-1A3956D46DE8}") = "Lab4-7", "Lab4-7", "{FC4109DB-65FE-4A80-9D32-94BF94BBAEEC}"
EndProject
Project("{FAE04EC0-301F-11D3-BF4B-00C04F79EFBC}") = "Lab 4-6", "Lab 4-6\Lab 4-6.csproj", "{CFBC4177-74F9-43DF-BAD6-56E662E14A40}"
EndProject
Global
	GlobalSection(SolutionConfigurationPlatforms) = preSolution
		Debug|Any CPU = Debug|Any CPU
		Release|Any CPU = Release|Any CPU
	EndGlobalSection
	GlobalSection(ProjectConfigurationPlatforms) = postSolution
		{50EB6D23-5390-4887-99E4-BB372D0FDDE8}.Debug|Any CPU.ActiveCfg = Debug|Any CPU
		{50EB6D23-5390-4887-99E4-BB372D0FDDE8}.Debug|Any CPU.Build.0 = Debug|Any CPU
		{50EB6D23-5390-4887-99E4-BB372D0FDDE8}.Release|Any CPU.ActiveCfg = Release|Any CPU
		{50EB6D23-5390-4887-99E4-BB372D0FDDE8}.Release|Any CPU.Build.0 = Release|Any CPU
		{BECC8231-E90F-4922-B48E-32AA26D0F646}.Debug|Any CPU.ActiveCfg = Debug|Any CPU
		{BECC8231-E90F-4922-B48E-32AA26D0F646}.Debug|Any CPU.Build.0 = Debug|Any CPU
		{BECC8231-E90F-4922-B48E-32AA26D0F646}.Release|Any CPU.ActiveCfg = Release|Any CPU
		{BECC8231-E90F-4922-B48E-32AA26D0F646}.Release|Any CPU.Build.0 = Release|Any CPU
		{5A57136A-C5DD-4B9F-A107-E5E531144F60}.Debug|Any CPU.ActiveCfg = Debug|Any CPU
		{5A57136A-C5DD-4B9F-A107-E5E531144F60}.Debug|Any CPU.Build.0 = Debug|Any CPU
		{5A57136A-C5DD-4B9F-A107-E5E531144F60}.Release|Any CPU.ActiveCfg = Release|Any CPU
		{5A57136A-C5DD-4B9F-A107-E5E531144F60}.Release|Any CPU.Build.0 = Release|Any CPU
		{49B8A317-0D6E-4E97-A517-9D373782EBC7}.Debug|Any CPU.ActiveCfg = Debug|Any CPU
		{49B8A317-0D6E-4E97-A517-9D373782EBC7}.Debug|Any CPU.Build.0 = Debug|Any CPU
		{49B8A317-0D6E-4E97-A517-9D373782EBC7}.Release|Any CPU.ActiveCfg = Release|Any CPU
		{49B8A317-0D6E-4E97-A517-9D373782EBC7}.Release|Any CPU.Build.0 = Release|Any CPU
		{C85C7E09-293E-42E5-A301-6EEB0BF624D0}.Debug|Any CPU.ActiveCfg = Debug|Any CPU
		{C85C7E09-293E-42E5-A301-6EEB0BF624D0}.Debug|Any CPU.Build.0 = Debug|Any CPU
		{C85C7E09-293E-42E5-A301-6EEB0BF624D0}.Release|Any CPU.ActiveCfg = Release|Any CPU
		{C85C7E09-293E-42E5-A301-6EEB0BF624D0}.Release|Any CPU.Build.0 = Release|Any CPU
		{1130F4AB-1884-4943-B0EE-5F8033F1D10A}.Debug|Any CPU.ActiveCfg = Debug|Any CPU
		{1130F4AB-1884-4943-B0EE-5F8033F1D10A}.Debug|Any CPU.Build.0 = Debug|Any CPU
		{1130F4AB-1884-4943-B0EE-5F8033F1D10A}.Release|Any CPU.ActiveCfg = Release|Any CPU
		{1130F4AB-1884-4943-B0EE-5F8033F1D10A}.Release|Any CPU.Build.0 = Release|Any CPU
		{CFBC4177-74F9-43DF-BAD6-56E662E14A40}.Debug|Any CPU.ActiveCfg = Debug|Any CPU
		{CFBC4177-74F9-43DF-BAD6-56E662E14A40}.Debug|Any CPU.Build.0 = Debug|Any CPU
		{CFBC4177-74F9-43DF-BAD6-56E662E14A40}.Release|Any CPU.ActiveCfg = Release|Any CPU
		{CFBC4177-74F9-43DF-BAD6-56E662E14A40}.Release|Any CPU.Build.0 = Release|Any CPU
	EndGlobalSection
	GlobalSection(SolutionProperties) = preSolution
		HideSolutionNode = FALSE
	EndGlobalSection
	GlobalSection(NestedProjects) = preSolution
		{BECC8231-E90F-4922-B48E-32AA26D0F646} = {08572643-D53A-49CE-8535-1F4B3AEABE79}
		{5A57136A-C5DD-4B9F-A107-E5E531144F60} = {A1B2B184-2C9B-4242-BDB0-64F7880A76BE}
		{49B8A317-0D6E-4E97-A517-9D373782EBC7} = {C5355568-F39D-45BA-9447-8DB335347511}
		{C85C7E09-293E-42E5-A301-6EEB0BF624D0} = {F5D0A134-B576-4621-9F8D-C21B56085C85}
		{1130F4AB-1884-4943-B0EE-5F8033F1D10A} = {34E9F7DA-9BDB-4A5C-AB3D-DCD158B39B49}
		{CFBC4177-74F9-43DF-BAD6-56E662E14A40} = {8C96DCD0-79D7-4F9A-ABDC-DCEE0D5036D0}
	EndGlobalSection
	GlobalSection(ExtensibilityGlobals) = postSolution
		SolutionGuid = {0FB11BD9-2029-4090-977A-2601A6CBFCCE}
	EndGlobalSection
EndGlobal
